// !$*UTF8*$!
{
	archiveVersion = 1;
	classes = {
	};
	objectVersion = 46;
	objects = {

/* Begin PBXBuildFile section */
		997862E81A9203C500ECBF2E /* ThaiNum.framework in Frameworks */ = {isa = PBXBuildFile; fileRef = 99B40F981A8F7F64009FBF71 /* ThaiNum.framework */; };
		997862E91A9203C500ECBF2E /* ThaiNum.framework in Embed Frameworks */ = {isa = PBXBuildFile; fileRef = 99B40F981A8F7F64009FBF71 /* ThaiNum.framework */; settings = {ATTRIBUTES = (CodeSignOnCopy, RemoveHeadersOnCopy, ); }; };
		99B40F751A8F7F3F009FBF71 /* AppDelegate.swift in Sources */ = {isa = PBXBuildFile; fileRef = 99B40F741A8F7F3F009FBF71 /* AppDelegate.swift */; };
		99B40F771A8F7F3F009FBF71 /* Images.xcassets in Resources */ = {isa = PBXBuildFile; fileRef = 99B40F761A8F7F3F009FBF71 /* Images.xcassets */; };
		99B40F7A1A8F7F3F009FBF71 /* MainMenu.xib in Resources */ = {isa = PBXBuildFile; fileRef = 99B40F781A8F7F3F009FBF71 /* MainMenu.xib */; };
		99B40F861A8F7F3F009FBF71 /* ExampleTests.swift in Sources */ = {isa = PBXBuildFile; fileRef = 99B40F851A8F7F3F009FBF71 /* ExampleTests.swift */; };
/* End PBXBuildFile section */

/* Begin PBXContainerItemProxy section */
		99B40F801A8F7F3F009FBF71 /* PBXContainerItemProxy */ = {
			isa = PBXContainerItemProxy;
			containerPortal = 99B40F671A8F7F3E009FBF71 /* Project object */;
			proxyType = 1;
			remoteGlobalIDString = 99B40F6E1A8F7F3E009FBF71;
			remoteInfo = Example;
		};
/* End PBXContainerItemProxy section */

/* Begin PBXCopyFilesBuildPhase section */
		997862EA1A9203C500ECBF2E /* Embed Frameworks */ = {
			isa = PBXCopyFilesBuildPhase;
			buildActionMask = 2147483647;
			dstPath = "";
			dstSubfolderSpec = 10;
			files = (
				997862E91A9203C500ECBF2E /* ThaiNum.framework in Embed Frameworks */,
			);
			name = "Embed Frameworks";
			runOnlyForDeploymentPostprocessing = 0;
		};
/* End PBXCopyFilesBuildPhase section */

/* Begin PBXFileReference section */
		99B40F6F1A8F7F3E009FBF71 /* Example.app */ = {isa = PBXFileReference; explicitFileType = wrapper.application; includeInIndex = 0; path = Example.app; sourceTree = BUILT_PRODUCTS_DIR; };
		99B40F731A8F7F3E009FBF71 /* Info.plist */ = {isa = PBXFileReference; lastKnownFileType = text.plist.xml; path = Info.plist; sourceTree = "<group>"; };
		99B40F741A8F7F3F009FBF71 /* AppDelegate.swift */ = {isa = PBXFileReference; lastKnownFileType = sourcecode.swift; path = AppDelegate.swift; sourceTree = "<group>"; };
		99B40F761A8F7F3F009FBF71 /* Images.xcassets */ = {isa = PBXFileReference; lastKnownFileType = folder.assetcatalog; path = Images.xcassets; sourceTree = "<group>"; };
		99B40F791A8F7F3F009FBF71 /* Base */ = {isa = PBXFileReference; lastKnownFileType = file.xib; name = Base; path = Base.lproj/MainMenu.xib; sourceTree = "<group>"; };
		99B40F7F1A8F7F3F009FBF71 /* ExampleTests.xctest */ = {isa = PBXFileReference; explicitFileType = wrapper.cfbundle; includeInIndex = 0; path = ExampleTests.xctest; sourceTree = BUILT_PRODUCTS_DIR; };
		99B40F841A8F7F3F009FBF71 /* Info.plist */ = {isa = PBXFileReference; lastKnownFileType = text.plist.xml; path = Info.plist; sourceTree = "<group>"; };
		99B40F851A8F7F3F009FBF71 /* ExampleTests.swift */ = {isa = PBXFileReference; lastKnownFileType = sourcecode.swift; path = ExampleTests.swift; sourceTree = "<group>"; };
		99B40F981A8F7F64009FBF71 /* ThaiNum.framework */ = {isa = PBXFileReference; explicitFileType = wrapper.framework; name = ThaiNum.framework; path = "/Users/vittee/Library/Developer/Xcode/DerivedData/ThaiNum-fxhgybbazvvomydrthjbggvruvdh/Build/Products/Debug/ThaiNum.framework"; sourceTree = "<absolute>"; };
/* End PBXFileReference section */

/* Begin PBXFrameworksBuildPhase section */
		99B40F6C1A8F7F3E009FBF71 /* Frameworks */ = {
			isa = PBXFrameworksBuildPhase;
			buildActionMask = 2147483647;
			files = (
				997862E81A9203C500ECBF2E /* ThaiNum.framework in Frameworks */,
			);
			runOnlyForDeploymentPostprocessing = 0;
		};
		99B40F7C1A8F7F3F009FBF71 /* Frameworks */ = {
			isa = PBXFrameworksBuildPhase;
			buildActionMask = 2147483647;
			files = (
			);
			runOnlyForDeploymentPostprocessing = 0;
		};
/* End PBXFrameworksBuildPhase section */

/* Begin PBXGroup section */
		99B40F661A8F7F3E009FBF71 = {
			isa = PBXGroup;
			children = (
				99B40F981A8F7F64009FBF71 /* ThaiNum.framework */,
				99B40F711A8F7F3E009FBF71 /* Example */,
				99B40F821A8F7F3F009FBF71 /* ExampleTests */,
				99B40F701A8F7F3E009FBF71 /* Products */,
			);
			sourceTree = "<group>";
		};
		99B40F701A8F7F3E009FBF71 /* Products */ = {
			isa = PBXGroup;
			children = (
				99B40F6F1A8F7F3E009FBF71 /* Example.app */,
				99B40F7F1A8F7F3F009FBF71 /* ExampleTests.xctest */,
			);
			name = Products;
			sourceTree = "<group>";
		};
		99B40F711A8F7F3E009FBF71 /* Example */ = {
			isa = PBXGroup;
			children = (
				99B40F741A8F7F3F009FBF71 /* AppDelegate.swift */,
				99B40F761A8F7F3F009FBF71 /* Images.xcassets */,
				99B40F781A8F7F3F009FBF71 /* MainMenu.xib */,
				99B40F721A8F7F3E009FBF71 /* Supporting Files */,
			);
			path = Example;
			sourceTree = "<group>";
		};
		99B40F721A8F7F3E009FBF71 /* Supporting Files */ = {
			isa = PBXGroup;
			children = (
				99B40F731A8F7F3E009FBF71 /* Info.plist */,
			);
			name = "Supporting Files";
			sourceTree = "<group>";
		};
		99B40F821A8F7F3F009FBF71 /* ExampleTests */ = {
			isa = PBXGroup;
			children = (
				99B40F851A8F7F3F009FBF71 /* ExampleTests.swift */,
				99B40F831A8F7F3F009FBF71 /* Supporting Files */,
			);
			path = ExampleTests;
			sourceTree = "<group>";
		};
		99B40F831A8F7F3F009FBF71 /* Supporting Files */ = {
			isa = PBXGroup;
			children = (
				99B40F841A8F7F3F009FBF71 /* Info.plist */,
			);
			name = "Supporting Files";
			sourceTree = "<group>";
		};
/* End PBXGroup section */

/* Begin PBXNativeTarget section */
		99B40F6E1A8F7F3E009FBF71 /* Example */ = {
			isa = PBXNativeTarget;
			buildConfigurationList = 99B40F891A8F7F3F009FBF71 /* Build configuration list for PBXNativeTarget "Example" */;
			buildPhases = (
				99B40F6B1A8F7F3E009FBF71 /* Sources */,
				99B40F6C1A8F7F3E009FBF71 /* Frameworks */,
				99B40F6D1A8F7F3E009FBF71 /* Resources */,
				997862EA1A9203C500ECBF2E /* Embed Frameworks */,
			);
			buildRules = (
			);
			dependencies = (
			);
			name = Example;
			productName = Example;
			productReference = 99B40F6F1A8F7F3E009FBF71 /* Example.app */;
			productType = "com.apple.product-type.application";
		};
		99B40F7E1A8F7F3F009FBF71 /* ExampleTests */ = {
			isa = PBXNativeTarget;
			buildConfigurationList = 99B40F8C1A8F7F3F009FBF71 /* Build configuration list for PBXNativeTarget "ExampleTests" */;
			buildPhases = (
				99B40F7B1A8F7F3F009FBF71 /* Sources */,
				99B40F7C1A8F7F3F009FBF71 /* Frameworks */,
				99B40F7D1A8F7F3F009FBF71 /* Resources */,
			);
			buildRules = (
			);
			dependencies = (
				99B40F811A8F7F3F009FBF71 /* PBXTargetDependency */,
			);
			name = ExampleTests;
			productName = ExampleTests;
			productReference = 99B40F7F1A8F7F3F009FBF71 /* ExampleTests.xctest */;
			productType = "com.apple.product-type.bundle.unit-test";
		};
/* End PBXNativeTarget section */

/* Begin PBXProject section */
		99B40F671A8F7F3E009FBF71 /* Project object */ = {
			isa = PBXProject;
			attributes = {
				LastUpgradeCheck = 0610;
				ORGANIZATIONNAME = vittee;
				TargetAttributes = {
					99B40F6E1A8F7F3E009FBF71 = {
						CreatedOnToolsVersion = 6.1.1;
					};
					99B40F7E1A8F7F3F009FBF71 = {
						CreatedOnToolsVersion = 6.1.1;
						TestTargetID = 99B40F6E1A8F7F3E009FBF71;
					};
				};
			};
			buildConfigurationList = 99B40F6A1A8F7F3E009FBF71 /* Build configuration list for PBXProject "Example" */;
			compatibilityVersion = "Xcode 3.2";
			developmentRegion = English;
			hasScannedForEncodings = 0;
			knownRegions = (
				en,
				Base,
			);
			mainGroup = 99B40F661A8F7F3E009FBF71;
			productRefGroup = 99B40F701A8F7F3E009FBF71 /* Products */;
			projectDirPath = "";
			projectRoot = "";
			targets = (
				99B40F6E1A8F7F3E009FBF71 /* Example */,
				99B40F7E1A8F7F3F009FBF71 /* ExampleTests */,
			);
		};
/* End PBXProject section */

/* Begin PBXResourcesBuildPhase section */
		99B40F6D1A8F7F3E009FBF71 /* Resources */ = {
			isa = PBXResourcesBuildPhase;
			buildActionMask = 2147483647;
			files = (
				99B40F771A8F7F3F009FBF71 /* Images.xcassets in Resources */,
				99B40F7A1A8F7F3F009FBF71 /* MainMenu.xib in Resources */,
			);
			runOnlyForDeploymentPostprocessing = 0;
		};
		99B40F7D1A8F7F3F009FBF71 /* Resources */ = {
			isa = PBXResourcesBuildPhase;
			buildActionMask = 2147483647;
			files = (
			);
			runOnlyForDeploymentPostprocessing = 0;
		};
/* End PBXResourcesBuildPhase section */

/* Begin PBXSourcesBuildPhase section */
		99B40F6B1A8F7F3E009FBF71 /* Sources */ = {
			isa = PBXSourcesBuildPhase;
			buildActionMask = 2147483647;
			files = (
				99B40F751A8F7F3F009FBF71 /* AppDelegate.swift in Sources */,
			);
			runOnlyForDeploymentPostprocessing = 0;
		};
		99B40F7B1A8F7F3F009FBF71 /* Sources */ = {
			isa = PBXSourcesBuildPhase;
			buildActionMask = 2147483647;
			files = (
				99B40F861A8F7F3F009FBF71 /* ExampleTests.swift in Sources */,
			);
			runOnlyForDeploymentPostprocessing = 0;
		};
/* End PBXSourcesBuildPhase section */

/* Begin PBXTargetDependency section */
		99B40F811A8F7F3F009FBF71 /* PBXTargetDependency */ = {
			isa = PBXTargetDependency;
			target = 99B40F6E1A8F7F3E009FBF71 /* Example */;
			targetProxy = 99B40F801A8F7F3F009FBF71 /* PBXContainerItemProxy */;
		};
/* End PBXTargetDependency section */

/* Begin PBXVariantGroup section */
		99B40F781A8F7F3F009FBF71 /* MainMenu.xib */ = {
			isa = PBXVariantGroup;
			children = (
				99B40F791A8F7F3F009FBF71 /* Base */,
			);
			name = MainMenu.xib;
			sourceTree = "<group>";
		};
/* End PBXVariantGroup section */

/* Begin XCBuildConfiguration section */
		99B40F871A8F7F3F009FBF71 /* Debug */ = {
			isa = XCBuildConfiguration;
			buildSettings = {
				ALWAYS_SEARCH_USER_PATHS = NO;
				CLANG_CXX_LANGUAGE_STANDARD = "gnu++0x";
				CLANG_CXX_LIBRARY = "libc++";
				CLANG_ENABLE_MODULES = YES;
				CLANG_ENABLE_OBJC_ARC = YES;
				CLANG_WARN_BOOL_CONVERSION = YES;
				CLANG_WARN_CONSTANT_CONVERSION = YES;
				CLANG_WARN_DIRECT_OBJC_ISA_USAGE = YES_ERROR;
				CLANG_WARN_EMPTY_BODY = YES;
				CLANG_WARN_ENUM_CONVERSION = YES;
				CLANG_WARN_INT_CONVERSION = YES;
				CLANG_WARN_OBJC_ROOT_CLASS = YES_ERROR;
				CLANG_WARN_UNREACHABLE_CODE = YES;
				CLANG_WARN__DUPLICATE_METHOD_MATCH = YES;
				CODE_SIGN_IDENTITY = "-";
				COPY_PHASE_STRIP = NO;
				ENABLE_STRICT_OBJC_MSGSEND = YES;
				GCC_C_LANGUAGE_STANDARD = gnu99;
				GCC_DYNAMIC_NO_PIC = NO;
				GCC_OPTIMIZATION_LEVEL = 0;
				GCC_PREPROCESSOR_DEFINITIONS = (
					"DEBUG=1",
					"$(inherited)",
				);
				GCC_SYMBOLS_PRIVATE_EXTERN = NO;
				GCC_WARN_64_TO_32_BIT_CONVERSION = YES;
				GCC_WARN_ABOUT_RETURN_TYPE = YES_ERROR;
				GCC_WARN_UNDECLARED_SELECTOR = YES;
				GCC_WARN_UNINITIALIZED_AUTOS = YES_AGGRESSIVE;
				GCC_WARN_UNUSED_FUNCTION = YES;
				GCC_WARN_UNUSED_VARIABLE = YES;
				MACOSX_DEPLOYMENT_TARGET = 10.10;
				MTL_ENABLE_DEBUG_INFO = YES;
				ONLY_ACTIVE_ARCH = YES;
				SDKROOT = macosx;
				SWIFT_OPTIMIZATION_LEVEL = "-Onone";
			};
			name = Debug;
		};
		99B40F881A8F7F3F009FBF71 /* Release */ = {
			isa = XCBuildConfiguration;
			buildSettings = {
				ALWAYS_SEARCH_USER_PATHS = NO;
				CLANG_CXX_LANGUAGE_STANDARD = "gnu++0x";
				CLANG_CXX_LIBRARY = "libc++";
				CLANG_ENABLE_MODULES = YES;
				CLANG_ENABLE_OBJC_ARC = YES;
				CLANG_WARN_BOOL_CONVERSION = YES;
				CLANG_WARN_CONSTANT_CONVERSION = YES;
				CLANG_WARN_DIRECT_OBJC_ISA_USAGE = YES_ERROR;
				CLANG_WARN_EMPTY_BODY = YES;
				CLANG_WARN_ENUM_CONVERSION = YES;
				CLANG_WARN_INT_CONVERSION = YES;
				CLANG_WARN_OBJC_ROOT_CLASS = YES_ERROR;
				CLANG_WARN_UNREACHABLE_CODE = YES;
				CLANG_WARN__DUPLICATE_METHOD_MATCH = YES;
				CODE_SIGN_IDENTITY = "-";
				COPY_PHASE_STRIP = YES;
				DEBUG_INFORMATION_FORMAT = "dwarf-with-dsym";
				ENABLE_NS_ASSERTIONS = NO;
				ENABLE_STRICT_OBJC_MSGSEND = YES;
				GCC_C_LANGUAGE_STANDARD = gnu99;
				GCC_WARN_64_TO_32_BIT_CONVERSION = YES;
				GCC_WARN_ABOUT_RETURN_TYPE = YES_ERROR;
				GCC_WARN_UNDECLARED_SELECTOR = YES;
				GCC_WARN_UNINITIALIZED_AUTOS = YES_AGGRESSIVE;
				GCC_WARN_UNUSED_FUNCTION = YES;
				GCC_WARN_UNUSED_VARIABLE = YES;
				MACOSX_DEPLOYMENT_TARGET = 10.10;
				MTL_ENABLE_DEBUG_INFO = NO;
				SDKROOT = macosx;
			};
			name = Release;
		};
		99B40F8A1A8F7F3F009FBF71 /* Debug */ = {
			isa = XCBuildConfiguration;
			buildSettings = {
				ASSETCATALOG_COMPILER_APPICON_NAME = AppIcon;
				COMBINE_HIDPI_IMAGES = YES;
				FRAMEWORK_SEARCH_PATHS = (
					"$(inherited)",
					"$(USER_LIBRARY_DIR)/Developer/Xcode/DerivedData/ThaiNum-fxhgybbazvvomydrthjbggvruvdh/Build/Products/Debug",
				);
				INFOPLIST_FILE = Example/Info.plist;
				LD_RUNPATH_SEARCH_PATHS = "$(inherited) @executable_path/../Frameworks";
				PRODUCT_NAME = "$(TARGET_NAME)";
			};
			name = Debug;
		};
		99B40F8B1A8F7F3F009FBF71 /* Release */ = {
			isa = XCBuildConfiguration;
			buildSettings = {
				ASSETCATALOG_COMPILER_APPICON_NAME = AppIcon;
				COMBINE_HIDPI_IMAGES = YES;
				FRAMEWORK_SEARCH_PATHS = (
					"$(inherited)",
					"$(USER_LIBRARY_DIR)/Developer/Xcode/DerivedData/ThaiNum-fxhgybbazvvomydrthjbggvruvdh/Build/Products/Debug",
				);
				INFOPLIST_FILE = Example/Info.plist;
				LD_RUNPATH_SEARCH_PATHS = "$(inherited) @executable_path/../Frameworks";
				PRODUCT_NAME = "$(TARGET_NAME)";
			};
			name = Release;
		};
		99B40F8D1A8F7F3F009FBF71 /* Debug */ = {
			isa = XCBuildConfiguration;
			buildSettings = {
				BUNDLE_LOADER = "$(TEST_HOST)";
				COMBINE_HIDPI_IMAGES = YES;
				FRAMEWORK_SEARCH_PATHS = (
					"$(DEVELOPER_FRAMEWORKS_DIR)",
					"$(inherited)",
				);
				GCC_PREPROCESSOR_DEFINITIONS = (
					"DEBUG=1",
					"$(inherited)",
				);
				INFOPLIST_FILE = ExampleTests/Info.plist;
				LD_RUNPATH_SEARCH_PATHS = "$(inherited) @executable_path/../Frameworks @loader_path/../Frameworks";
				PRODUCT_NAME = "$(TARGET_NAME)";
				TEST_HOST = "$(BUILT_PRODUCTS_DIR)/Example.app/Contents/MacOS/Example";
			};
			name = Debug;
		};
		99B40F8E1A8F7F3F009FBF71 /* Release */ = {
			isa = XCBuildConfiguration;
			buildSettings = {
				BUNDLE_LOADER = "$(TEST_HOST)";
				COMBINE_HIDPI_IMAGES = YES;
				FRAMEWORK_SEARCH_PATHS = (
					"$(DEVELOPER_FRAMEWORKS_DIR)",
					"$(inherited)",
				);
				INFOPLIST_FILE = ExampleTests/Info.plist;
				LD_RUNPATH_SEARCH_PATHS = "$(inherited) @executable_path/../Frameworks @loader_path/../Frameworks";
				PRODUCT_NAME = "$(TARGET_NAME)";
				TEST_HOST = "$(BUILT_PRODUCTS_DIR)/Example.app/Contents/MacOS/Example";
			};
			name = Release;
		};
/* End XCBuildConfiguration section */

/* Begin XCConfigurationList section */
		99B40F6A1A8F7F3E009FBF71 /* Build configuration list for PBXProject "Example" */ = {
			isa = XCConfigurationList;
			buildConfigurations = (
				99B40F871A8F7F3F009FBF71 /* Debug */,
				99B40F881A8F7F3F009FBF71 /* Release */,
			);
			defaultConfigurationIsVisible = 0;
			defaultConfigurationName = Release;
		};
		99B40F891A8F7F3F009FBF71 /* Build configuration list for PBXNativeTarget "Example" */ = {
			isa = XCConfigurationList;
			buildConfigurations = (
				99B40F8A1A8F7F3F009FBF71 /* Debug */,
				99B40F8B1A8F7F3F009FBF71 /* Release */,
			);
			defaultConfigurationIsVisible = 0;
			defaultConfigurationName = Release;
		};
		99B40F8C1A8F7F3F009FBF71 /* Build configuration list for PBXNativeTarget "ExampleTests" */ = {
			isa = XCConfigurationList;
			buildConfigurations = (
				99B40F8D1A8F7F3F009FBF71 /* Debug */,
				99B40F8E1A8F7F3F009FBF71 /* Release */,
			);
			defaultConfigurationIsVisible = 0;
			defaultConfigurationName = Release;
		};
/* End XCConfigurationList section */
	};
	rootObject = 99B40F671A8F7F3E009FBF71 /* Project object */;
}
